
Microsoft Visual Studio Solution File, Format Version 12.00
# Visual Studio 14
VisualStudioVersion = 14.0.25123.0
MinimumVisualStudioVersion = 10.0.40219.1
Project("{FAE04EC0-301F-11D3-BF4B-00C04F79EFBC}") = "Shuttle.Esb.Ninject", "Shuttle.Esb.Ninject\Shuttle.Esb.Ninject.csproj", "{1BC73C95-62C4-4668-913B-2B47C098CA06}"
EndProject
Project("{2150E333-8FDC-42A3-9474-1A3956D46DE8}") = ".build", ".build", "{8ACBC29C-FDAB-48C6-96BD-42EA78004F62}"
	ProjectSection(SolutionItems) = preProject
		.build\package.msbuild = .build\package.msbuild
		.build\package.nuspec = .build\package.nuspec
		.build\Shuttle.Core.MSBuild.dll = .build\Shuttle.Core.MSBuild.dll
		.build\Shuttle.Core.MSBuild.targets = .build\Shuttle.Core.MSBuild.targets
	EndProjectSection
EndProject
Project("{FAE04EC0-301F-11D3-BF4B-00C04F79EFBC}") = "Shuttle.Esb.Ninject.Tests", "Shuttle.Esb.Ninject.Tests\Shuttle.Esb.Ninject.Tests.csproj", "{D4E8EF0C-C9C2-4370-A8CB-B1C3E7FC1D9B}"
EndProject
Project("{2150E333-8FDC-42A3-9474-1A3956D46DE8}") = "Solution Items", "Solution Items", "{661519C5-3268-406B-92AF-4A6CABE02FA8}"
	ProjectSection(SolutionItems) = preProject
		..\LICENSE = ..\LICENSE
		..\README.md = ..\README.md
	EndProjectSection
EndProject
Project("{FAE04EC0-301F-11D3-BF4B-00C04F79EFBC}") = "Shuttle.Esb.Ninject.Tests.Duplicate", "Shuttle.Esb.Ninject.Tests.Duplicate\Shuttle.Esb.Ninject.Tests.Duplicate.csproj", "{7647C6A3-29C1-496A-961A-7771D6CA7452}"
EndProject
Global
	GlobalSection(SolutionConfigurationPlatforms) = preSolution
		Debug|Any CPU = Debug|Any CPU
		Release|Any CPU = Release|Any CPU
	EndGlobalSection
	GlobalSection(ProjectConfigurationPlatforms) = postSolution
		{1BC73C95-62C4-4668-913B-2B47C098CA06}.Debug|Any CPU.ActiveCfg = Debug|Any CPU
		{1BC73C95-62C4-4668-913B-2B47C098CA06}.Debug|Any CPU.Build.0 = Debug|Any CPU
		{1BC73C95-62C4-4668-913B-2B47C098CA06}.Release|Any CPU.ActiveCfg = Release|Any CPU
		{1BC73C95-62C4-4668-913B-2B47C098CA06}.Release|Any CPU.Build.0 = Release|Any CPU
		{D4E8EF0C-C9C2-4370-A8CB-B1C3E7FC1D9B}.Debug|Any CPU.ActiveCfg = Debug|Any CPU
		{D4E8EF0C-C9C2-4370-A8CB-B1C3E7FC1D9B}.Debug|Any CPU.Build.0 = Debug|Any CPU
		{D4E8EF0C-C9C2-4370-A8CB-B1C3E7FC1D9B}.Release|Any CPU.ActiveCfg = Release|Any CPU
		{D4E8EF0C-C9C2-4370-A8CB-B1C3E7FC1D9B}.Release|Any CPU.Build.0 = Release|Any CPU
		{7647C6A3-29C1-496A-961A-7771D6CA7452}.Debug|Any CPU.ActiveCfg = Debug|Any CPU
		{7647C6A3-29C1-496A-961A-7771D6CA7452}.Debug|Any CPU.Build.0 = Debug|Any CPU
		{7647C6A3-29C1-496A-961A-7771D6CA7452}.Release|Any CPU.ActiveCfg = Release|Any CPU
		{7647C6A3-29C1-496A-961A-7771D6CA7452}.Release|Any CPU.Build.0 = Release|Any CPU
	EndGlobalSection
	GlobalSection(SolutionProperties) = preSolution
		HideSolutionNode = FALSE
	EndGlobalSection
EndGlobal
